
Microsoft Visual Studio Solution File, Format Version 12.00
# Visual Studio Version 16
VisualStudioVersion = 16.0.32228.343
MinimumVisualStudioVersion = 10.0.40219.1
Project("{159641D6-6404-4A2A-AE62-294DE0FE8301}") = "Datawarehouse", "Datawarehouse.dtproj", "{3E8D173D-39B7-4AEB-A201-8B0E8E0CB7CD}"
EndProject
Global
	GlobalSection(SolutionConfigurationPlatforms) = preSolution
		Development|Default = Development|Default
	EndGlobalSection
	GlobalSection(ProjectConfigurationPlatforms) = postSolution
		{3E8D173D-39B7-4AEB-A201-8B0E8E0CB7CD}.Development|Default.ActiveCfg = Development
		{3E8D173D-39B7-4AEB-A201-8B0E8E0CB7CD}.Development|Default.Build.0 = Development
	EndGlobalSection
	GlobalSection(SolutionProperties) = preSolution
		HideSolutionNode = FALSE
	EndGlobalSection
	GlobalSection(ExtensibilityGlobals) = postSolution
		SolutionGuid = {FB4F0767-E631-40E8-958D-380FD14FC600}
	EndGlobalSection
EndGlobal
